
Microsoft Visual Studio Solution File, Format Version 12.00
# Visual Studio 2013
VisualStudioVersion = 12.0.30723.0
MinimumVisualStudioVersion = 10.0.40219.1
Project("{FAE04EC0-301F-11D3-BF4B-00C04F79EFBC}") = "DeviceOrientationDemo", "DeviceOrientationDemo\DeviceOrientationDemo.csproj", "{909A016E-5523-4A7D-AC68-68D6D5BBF53F}"
EndProject
Project("{FAE04EC0-301F-11D3-BF4B-00C04F79EFBC}") = "DeviceOrientationDemo.iOS", "iOS\DeviceOrientationDemo.iOS.csproj", "{7C49C9ED-0DF8-4109-B146-450B4E0ACF20}"
EndProject
Project("{FAE04EC0-301F-11D3-BF4B-00C04F79EFBC}") = "DeviceOrientationDemo.Android", "Android\DeviceOrientationDemo.Android.csproj", "{E291D4FF-E58F-495F-AB36-6BD98843FA38}"
EndProject
Project("{2150E333-8FDC-42A3-9474-1A3956D46DE8}") = ".nuget", ".nuget", "{57F9FDE9-1A86-42BD-929C-50607E069018}"
	ProjectSection(SolutionItems) = preProject
		.nuget\NuGet.Config = .nuget\NuGet.Config
		.nuget\NuGet.exe = .nuget\NuGet.exe
		.nuget\NuGet.targets = .nuget\NuGet.targets
	EndProjectSection
EndProject
Project("{FAE04EC0-301F-11D3-BF4B-00C04F79EFBC}") = "DeviceOrientationDemo.WinPhone", "DeviceOrientationDemo.WinPhone\DeviceOrientationDemo.WinPhone.csproj", "{190A1D76-4238-485A-ADF7-D87321C744CF}"
EndProject
Global
	GlobalSection(SolutionConfigurationPlatforms) = preSolution
		Ad-Hoc|Any CPU = Ad-Hoc|Any CPU
		Ad-Hoc|ARM = Ad-Hoc|ARM
		Ad-Hoc|iPhone = Ad-Hoc|iPhone
		Ad-Hoc|iPhoneSimulator = Ad-Hoc|iPhoneSimulator
		Ad-Hoc|Mixed Platforms = Ad-Hoc|Mixed Platforms
		Ad-Hoc|x86 = Ad-Hoc|x86
		AppStore|Any CPU = AppStore|Any CPU
		AppStore|ARM = AppStore|ARM
		AppStore|iPhone = AppStore|iPhone
		AppStore|iPhoneSimulator = AppStore|iPhoneSimulator
		AppStore|Mixed Platforms = AppStore|Mixed Platforms
		AppStore|x86 = AppStore|x86
		Debug|Any CPU = Debug|Any CPU
		Debug|ARM = Debug|ARM
		Debug|iPhone = Debug|iPhone
		Debug|iPhoneSimulator = Debug|iPhoneSimulator
		Debug|Mixed Platforms = Debug|Mixed Platforms
		Debug|x86 = Debug|x86
		Release|Any CPU = Release|Any CPU
		Release|ARM = Release|ARM
		Release|iPhone = Release|iPhone
		Release|iPhoneSimulator = Release|iPhoneSimulator
		Release|Mixed Platforms = Release|Mixed Platforms
		Release|x86 = Release|x86
	EndGlobalSection
	GlobalSection(ProjectConfigurationPlatforms) = postSolution
		{909A016E-5523-4A7D-AC68-68D6D5BBF53F}.Ad-Hoc|Any CPU.ActiveCfg = Release|Any CPU
		{909A016E-5523-4A7D-AC68-68D6D5BBF53F}.Ad-Hoc|Any CPU.Build.0 = Release|Any CPU
		{909A016E-5523-4A7D-AC68-68D6D5BBF53F}.Ad-Hoc|ARM.ActiveCfg = Debug|Any CPU
		{909A016E-5523-4A7D-AC68-68D6D5BBF53F}.Ad-Hoc|iPhone.ActiveCfg = Debug|Any CPU
		{909A016E-5523-4A7D-AC68-68D6D5BBF53F}.Ad-Hoc|iPhone.Build.0 = Debug|Any CPU
		{909A016E-5523-4A7D-AC68-68D6D5BBF53F}.Ad-Hoc|iPhoneSimulator.ActiveCfg = Release|Any CPU
		{909A016E-5523-4A7D-AC68-68D6D5BBF53F}.Ad-Hoc|Mixed Platforms.ActiveCfg = Debug|Any CPU
		{909A016E-5523-4A7D-AC68-68D6D5BBF53F}.Ad-Hoc|Mixed Platforms.Build.0 = Debug|Any CPU
		{909A016E-5523-4A7D-AC68-68D6D5BBF53F}.Ad-Hoc|x86.ActiveCfg = Debug|Any CPU
		{909A016E-5523-4A7D-AC68-68D6D5BBF53F}.AppStore|Any CPU.ActiveCfg = Release|Any CPU
		{909A016E-5523-4A7D-AC68-68D6D5BBF53F}.AppStore|Any CPU.Build.0 = Release|Any CPU
		{909A016E-5523-4A7D-AC68-68D6D5BBF53F}.AppStore|ARM.ActiveCfg = Debug|Any CPU
		{909A016E-5523-4A7D-AC68-68D6D5BBF53F}.AppStore|iPhone.ActiveCfg = Debug|Any CPU
		{909A016E-5523-4A7D-AC68-68D6D5BBF53F}.AppStore|iPhone.Build.0 = Debug|Any CPU
		{909A016E-5523-4A7D-AC68-68D6D5BBF53F}.AppStore|iPhoneSimulator.ActiveCfg = Release|Any CPU
		{909A016E-5523-4A7D-AC68-68D6D5BBF53F}.AppStore|Mixed Platforms.ActiveCfg = Debug|Any CPU
		{909A016E-5523-4A7D-AC68-68D6D5BBF53F}.AppStore|Mixed Platforms.Build.0 = Debug|Any CPU
		{909A016E-5523-4A7D-AC68-68D6D5BBF53F}.AppStore|x86.ActiveCfg = Debug|Any CPU
		{909A016E-5523-4A7D-AC68-68D6D5BBF53F}.Debug|Any CPU.ActiveCfg = Debug|Any CPU
		{909A016E-5523-4A7D-AC68-68D6D5BBF53F}.Debug|Any CPU.Build.0 = Debug|Any CPU
		{909A016E-5523-4A7D-AC68-68D6D5BBF53F}.Debug|ARM.ActiveCfg = Debug|Any CPU
		{909A016E-5523-4A7D-AC68-68D6D5BBF53F}.Debug|iPhone.ActiveCfg = Debug|Any CPU
		{909A016E-5523-4A7D-AC68-68D6D5BBF53F}.Debug|iPhone.Build.0 = Debug|Any CPU
		{909A016E-5523-4A7D-AC68-68D6D5BBF53F}.Debug|iPhoneSimulator.ActiveCfg = Debug|Any CPU
		{909A016E-5523-4A7D-AC68-68D6D5BBF53F}.Debug|iPhoneSimulator.Build.0 = Debug|Any CPU
		{909A016E-5523-4A7D-AC68-68D6D5BBF53F}.Debug|Mixed Platforms.ActiveCfg = Debug|Any CPU
		{909A016E-5523-4A7D-AC68-68D6D5BBF53F}.Debug|Mixed Platforms.Build.0 = Debug|Any CPU
		{909A016E-5523-4A7D-AC68-68D6D5BBF53F}.Debug|x86.ActiveCfg = Debug|Any CPU
		{909A016E-5523-4A7D-AC68-68D6D5BBF53F}.Release|Any CPU.ActiveCfg = Release|Any CPU
		{909A016E-5523-4A7D-AC68-68D6D5BBF53F}.Release|Any CPU.Build.0 = Release|Any CPU
		{909A016E-5523-4A7D-AC68-68D6D5BBF53F}.Release|ARM.ActiveCfg = Release|Any CPU
		{909A016E-5523-4A7D-AC68-68D6D5BBF53F}.Release|iPhone.ActiveCfg = Release|Any CPU
		{909A016E-5523-4A7D-AC68-68D6D5BBF53F}.Release|iPhone.Build.0 = Release|Any CPU
		{909A016E-5523-4A7D-AC68-68D6D5BBF53F}.Release|iPhoneSimulator.ActiveCfg = Release|Any CPU
		{909A016E-5523-4A7D-AC68-68D6D5BBF53F}.Release|iPhoneSimulator.Build.0 = Release|Any CPU
		{909A016E-5523-4A7D-AC68-68D6D5BBF53F}.Release|Mixed Platforms.ActiveCfg = Release|Any CPU
		{909A016E-5523-4A7D-AC68-68D6D5BBF53F}.Release|Mixed Platforms.Build.0 = Release|Any CPU
		{909A016E-5523-4A7D-AC68-68D6D5BBF53F}.Release|x86.ActiveCfg = Release|Any CPU
		{7C49C9ED-0DF8-4109-B146-450B4E0ACF20}.Ad-Hoc|Any CPU.ActiveCfg = Ad-Hoc|iPhoneSimulator
		{7C49C9ED-0DF8-4109-B146-450B4E0ACF20}.Ad-Hoc|ARM.ActiveCfg = Ad-Hoc|iPhone
		{7C49C9ED-0DF8-4109-B146-450B4E0ACF20}.Ad-Hoc|iPhone.ActiveCfg = Ad-Hoc|iPhone
		{7C49C9ED-0DF8-4109-B146-450B4E0ACF20}.Ad-Hoc|iPhone.Build.0 = Ad-Hoc|iPhone
		{7C49C9ED-0DF8-4109-B146-450B4E0ACF20}.Ad-Hoc|iPhoneSimulator.ActiveCfg = Ad-Hoc|iPhoneSimulator
		{7C49C9ED-0DF8-4109-B146-450B4E0ACF20}.Ad-Hoc|iPhoneSimulator.Build.0 = Ad-Hoc|iPhoneSimulator
		{7C49C9ED-0DF8-4109-B146-450B4E0ACF20}.Ad-Hoc|Mixed Platforms.ActiveCfg = Ad-Hoc|iPhone
		{7C49C9ED-0DF8-4109-B146-450B4E0ACF20}.Ad-Hoc|Mixed Platforms.Build.0 = Ad-Hoc|iPhone
		{7C49C9ED-0DF8-4109-B146-450B4E0ACF20}.Ad-Hoc|x86.ActiveCfg = Ad-Hoc|iPhone
		{7C49C9ED-0DF8-4109-B146-450B4E0ACF20}.AppStore|Any CPU.ActiveCfg = AppStore|iPhoneSimulator
		{7C49C9ED-0DF8-4109-B146-450B4E0ACF20}.AppStore|ARM.ActiveCfg = AppStore|iPhone
		{7C49C9ED-0DF8-4109-B146-450B4E0ACF20}.AppStore|iPhone.ActiveCfg = AppStore|iPhone
		{7C49C9ED-0DF8-4109-B146-450B4E0ACF20}.AppStore|iPhone.Build.0 = AppStore|iPhone
		{7C49C9ED-0DF8-4109-B146-450B4E0ACF20}.AppStore|iPhoneSimulator.ActiveCfg = AppStore|iPhoneSimulator
		{7C49C9ED-0DF8-4109-B146-450B4E0ACF20}.AppStore|iPhoneSimulator.Build.0 = AppStore|iPhoneSimulator
		{7C49C9ED-0DF8-4109-B146-450B4E0ACF20}.AppStore|Mixed Platforms.ActiveCfg = AppStore|iPhone
		{7C49C9ED-0DF8-4109-B146-450B4E0ACF20}.AppStore|Mixed Platforms.Build.0 = AppStore|iPhone
		{7C49C9ED-0DF8-4109-B146-450B4E0ACF20}.AppStore|x86.ActiveCfg = AppStore|iPhone
		{7C49C9ED-0DF8-4109-B146-450B4E0ACF20}.Debug|Any CPU.ActiveCfg = Debug|iPhoneSimulator
		{7C49C9ED-0DF8-4109-B146-450B4E0ACF20}.Debug|Any CPU.Build.0 = Debug|iPhoneSimulator
		{7C49C9ED-0DF8-4109-B146-450B4E0ACF20}.Debug|ARM.ActiveCfg = Debug|iPhone
		{7C49C9ED-0DF8-4109-B146-450B4E0ACF20}.Debug|iPhone.ActiveCfg = Debug|iPhone
		{7C49C9ED-0DF8-4109-B146-450B4E0ACF20}.Debug|iPhone.Build.0 = Debug|iPhone
		{7C49C9ED-0DF8-4109-B146-450B4E0ACF20}.Debug|iPhoneSimulator.ActiveCfg = Debug|iPhoneSimulator
		{7C49C9ED-0DF8-4109-B146-450B4E0ACF20}.Debug|iPhoneSimulator.Build.0 = Debug|iPhoneSimulator
		{7C49C9ED-0DF8-4109-B146-450B4E0ACF20}.Debug|Mixed Platforms.ActiveCfg = Debug|iPhone
		{7C49C9ED-0DF8-4109-B146-450B4E0ACF20}.Debug|Mixed Platforms.Build.0 = Debug|iPhone
		{7C49C9ED-0DF8-4109-B146-450B4E0ACF20}.Debug|x86.ActiveCfg = Debug|iPhone
		{7C49C9ED-0DF8-4109-B146-450B4E0ACF20}.Release|Any CPU.ActiveCfg = Release|iPhoneSimulator
		{7C49C9ED-0DF8-4109-B146-450B4E0ACF20}.Release|Any CPU.Build.0 = Release|iPhoneSimulator
		{7C49C9ED-0DF8-4109-B146-450B4E0ACF20}.Release|ARM.ActiveCfg = Release|iPhone
		{7C49C9ED-0DF8-4109-B146-450B4E0ACF20}.Release|iPhone.ActiveCfg = Release|iPhone
		{7C49C9ED-0DF8-4109-B146-450B4E0ACF20}.Release|iPhone.Build.0 = Release|iPhone
		{7C49C9ED-0DF8-4109-B146-450B4E0ACF20}.Release|iPhoneSimulator.ActiveCfg = Release|iPhoneSimulator
		{7C49C9ED-0DF8-4109-B146-450B4E0ACF20}.Release|iPhoneSimulator.Build.0 = Release|iPhoneSimulator
		{7C49C9ED-0DF8-4109-B146-450B4E0ACF20}.Release|Mixed Platforms.ActiveCfg = Release|iPhone
		{7C49C9ED-0DF8-4109-B146-450B4E0ACF20}.Release|Mixed Platforms.Build.0 = Release|iPhone
		{7C49C9ED-0DF8-4109-B146-450B4E0ACF20}.Release|x86.ActiveCfg = Release|iPhone
		{E291D4FF-E58F-495F-AB36-6BD98843FA38}.Ad-Hoc|Any CPU.ActiveCfg = Release|Any CPU
		{E291D4FF-E58F-495F-AB36-6BD98843FA38}.Ad-Hoc|Any CPU.Build.0 = Release|Any CPU
		{E291D4FF-E58F-495F-AB36-6BD98843FA38}.Ad-Hoc|Any CPU.Deploy.0 = Release|Any CPU
		{E291D4FF-E58F-495F-AB36-6BD98843FA38}.Ad-Hoc|ARM.ActiveCfg = Debug|Any CPU
		{E291D4FF-E58F-495F-AB36-6BD98843FA38}.Ad-Hoc|iPhone.ActiveCfg = Debug|Any CPU
		{E291D4FF-E58F-495F-AB36-6BD98843FA38}.Ad-Hoc|iPhone.Build.0 = Debug|Any CPU
		{E291D4FF-E58F-495F-AB36-6BD98843FA38}.Ad-Hoc|iPhoneSimulator.ActiveCfg = Release|Any CPU
		{E291D4FF-E58F-495F-AB36-6BD98843FA38}.Ad-Hoc|Mixed Platforms.ActiveCfg = Debug|Any CPU
		{E291D4FF-E58F-495F-AB36-6BD98843FA38}.Ad-Hoc|Mixed Platforms.Build.0 = Debug|Any CPU
		{E291D4FF-E58F-495F-AB36-6BD98843FA38}.Ad-Hoc|Mixed Platforms.Deploy.0 = Debug|Any CPU
		{E291D4FF-E58F-495F-AB36-6BD98843FA38}.Ad-Hoc|x86.ActiveCfg = Debug|Any CPU
		{E291D4FF-E58F-495F-AB36-6BD98843FA38}.AppStore|Any CPU.ActiveCfg = Release|Any CPU
		{E291D4FF-E58F-495F-AB36-6BD98843FA38}.AppStore|Any CPU.Build.0 = Release|Any CPU
		{E291D4FF-E58F-495F-AB36-6BD98843FA38}.AppStore|Any CPU.Deploy.0 = Release|Any CPU
		{E291D4FF-E58F-495F-AB36-6BD98843FA38}.AppStore|ARM.ActiveCfg = Debug|Any CPU
		{E291D4FF-E58F-495F-AB36-6BD98843FA38}.AppStore|iPhone.ActiveCfg = Debug|Any CPU
		{E291D4FF-E58F-495F-AB36-6BD98843FA38}.AppStore|iPhone.Build.0 = Debug|Any CPU
		{E291D4FF-E58F-495F-AB36-6BD98843FA38}.AppStore|iPhoneSimulator.ActiveCfg = Release|Any CPU
		{E291D4FF-E58F-495F-AB36-6BD98843FA38}.AppStore|Mixed Platforms.ActiveCfg = Debug|Any CPU
		{E291D4FF-E58F-495F-AB36-6BD98843FA38}.AppStore|Mixed Platforms.Build.0 = Debug|Any CPU
		{E291D4FF-E58F-495F-AB36-6BD98843FA38}.AppStore|Mixed Platforms.Deploy.0 = Debug|Any CPU
		{E291D4FF-E58F-495F-AB36-6BD98843FA38}.AppStore|x86.ActiveCfg = Debug|Any CPU
		{E291D4FF-E58F-495F-AB36-6BD98843FA38}.Debug|Any CPU.ActiveCfg = Debug|Any CPU
		{E291D4FF-E58F-495F-AB36-6BD98843FA38}.Debug|Any CPU.Build.0 = Debug|Any CPU
		{E291D4FF-E58F-495F-AB36-6BD98843FA38}.Debug|Any CPU.Deploy.0 = Debug|Any CPU
		{E291D4FF-E58F-495F-AB36-6BD98843FA38}.Debug|ARM.ActiveCfg = Debug|Any CPU
		{E291D4FF-E58F-495F-AB36-6BD98843FA38}.Debug|iPhone.ActiveCfg = Debug|Any CPU
		{E291D4FF-E58F-495F-AB36-6BD98843FA38}.Debug|iPhone.Build.0 = Debug|Any CPU
		{E291D4FF-E58F-495F-AB36-6BD98843FA38}.Debug|iPhoneSimulator.ActiveCfg = Debug|Any CPU
		{E291D4FF-E58F-495F-AB36-6BD98843FA38}.Debug|iPhoneSimulator.Build.0 = Debug|Any CPU
		{E291D4FF-E58F-495F-AB36-6BD98843FA38}.Debug|Mixed Platforms.ActiveCfg = Debug|Any CPU
		{E291D4FF-E58F-495F-AB36-6BD98843FA38}.Debug|Mixed Platforms.Build.0 = Debug|Any CPU
		{E291D4FF-E58F-495F-AB36-6BD98843FA38}.Debug|Mixed Platforms.Deploy.0 = Debug|Any CPU
		{E291D4FF-E58F-495F-AB36-6BD98843FA38}.Debug|x86.ActiveCfg = Debug|Any CPU
		{E291D4FF-E58F-495F-AB36-6BD98843FA38}.Release|Any CPU.ActiveCfg = Release|Any CPU
		{E291D4FF-E58F-495F-AB36-6BD98843FA38}.Release|Any CPU.Build.0 = Release|Any CPU
		{E291D4FF-E58F-495F-AB36-6BD98843FA38}.Release|ARM.ActiveCfg = Release|Any CPU
		{E291D4FF-E58F-495F-AB36-6BD98843FA38}.Release|iPhone.ActiveCfg = Release|Any CPU
		{E291D4FF-E58F-495F-AB36-6BD98843FA38}.Release|iPhone.Build.0 = Release|Any CPU
		{E291D4FF-E58F-495F-AB36-6BD98843FA38}.Release|iPhoneSimulator.ActiveCfg = Release|Any CPU
		{E291D4FF-E58F-495F-AB36-6BD98843FA38}.Release|iPhoneSimulator.Build.0 = Release|Any CPU
		{E291D4FF-E58F-495F-AB36-6BD98843FA38}.Release|Mixed Platforms.ActiveCfg = Release|Any CPU
		{E291D4FF-E58F-495F-AB36-6BD98843FA38}.Release|Mixed Platforms.Build.0 = Release|Any CPU
		{E291D4FF-E58F-495F-AB36-6BD98843FA38}.Release|Mixed Platforms.Deploy.0 = Release|Any CPU
		{E291D4FF-E58F-495F-AB36-6BD98843FA38}.Release|x86.ActiveCfg = Release|Any CPU
		{190A1D76-4238-485A-ADF7-D87321C744CF}.Ad-Hoc|Any CPU.ActiveCfg = Release|Any CPU
		{190A1D76-4238-485A-ADF7-D87321C744CF}.Ad-Hoc|Any CPU.Build.0 = Release|Any CPU
		{190A1D76-4238-485A-ADF7-D87321C744CF}.Ad-Hoc|Any CPU.Deploy.0 = Release|Any CPU
		{190A1D76-4238-485A-ADF7-D87321C744CF}.Ad-Hoc|ARM.ActiveCfg = Release|ARM
		{190A1D76-4238-485A-ADF7-D87321C744CF}.Ad-Hoc|ARM.Build.0 = Release|ARM
		{190A1D76-4238-485A-ADF7-D87321C744CF}.Ad-Hoc|ARM.Deploy.0 = Release|ARM
		{190A1D76-4238-485A-ADF7-D87321C744CF}.Ad-Hoc|iPhone.ActiveCfg = Release|Any CPU
		{190A1D76-4238-485A-ADF7-D87321C744CF}.Ad-Hoc|iPhoneSimulator.ActiveCfg = Release|Any CPU
		{190A1D76-4238-485A-ADF7-D87321C744CF}.Ad-Hoc|Mixed Platforms.ActiveCfg = Release|x86
		{190A1D76-4238-485A-ADF7-D87321C744CF}.Ad-Hoc|Mixed Platforms.Build.0 = Release|x86
		{190A1D76-4238-485A-ADF7-D87321C744CF}.Ad-Hoc|Mixed Platforms.Deploy.0 = Release|x86
		{190A1D76-4238-485A-ADF7-D87321C744CF}.Ad-Hoc|x86.ActiveCfg = Release|x86
		{190A1D76-4238-485A-ADF7-D87321C744CF}.Ad-Hoc|x86.Build.0 = Release|x86
		{190A1D76-4238-485A-ADF7-D87321C744CF}.Ad-Hoc|x86.Deploy.0 = Release|x86
		{190A1D76-4238-485A-ADF7-D87321C744CF}.AppStore|Any CPU.ActiveCfg = Release|Any CPU
		{190A1D76-4238-485A-ADF7-D87321C744CF}.AppStore|Any CPU.Build.0 = Release|Any CPU
		{190A1D76-4238-485A-ADF7-D87321C744CF}.AppStore|Any CPU.Deploy.0 = Release|Any CPU
		{190A1D76-4238-485A-ADF7-D87321C744CF}.AppStore|ARM.ActiveCfg = Release|ARM
		{190A1D76-4238-485A-ADF7-D87321C744CF}.AppStore|ARM.Build.0 = Release|ARM
		{190A1D76-4238-485A-ADF7-D87321C744CF}.AppStore|ARM.Deploy.0 = Release|ARM
		{190A1D76-4238-485A-ADF7-D87321C744CF}.AppStore|iPhone.ActiveCfg = Release|Any CPU
		{190A1D76-4238-485A-ADF7-D87321C744CF}.AppStore|iPhoneSimulator.ActiveCfg = Release|Any CPU
		{190A1D76-4238-485A-ADF7-D87321C744CF}.AppStore|Mixed Platforms.ActiveCfg = Release|x86
		{190A1D76-4238-485A-ADF7-D87321C744CF}.AppStore|Mixed Platforms.Build.0 = Release|x86
		{190A1D76-4238-485A-ADF7-D87321C744CF}.AppStore|Mixed Platforms.Deploy.0 = Release|x86
		{190A1D76-4238-485A-ADF7-D87321C744CF}.AppStore|x86.ActiveCfg = Release|x86
		{190A1D76-4238-485A-ADF7-D87321C744CF}.AppStore|x86.Build.0 = Release|x86
		{190A1D76-4238-485A-ADF7-D87321C744CF}.AppStore|x86.Deploy.0 = Release|x86
		{190A1D76-4238-485A-ADF7-D87321C744CF}.Debug|Any CPU.ActiveCfg = Debug|Any CPU
		{190A1D76-4238-485A-ADF7-D87321C744CF}.Debug|Any CPU.Build.0 = Debug|Any CPU
		{190A1D76-4238-485A-ADF7-D87321C744CF}.Debug|Any CPU.Deploy.0 = Debug|Any CPU
		{190A1D76-4238-485A-ADF7-D87321C744CF}.Debug|ARM.ActiveCfg = Debug|ARM
		{190A1D76-4238-485A-ADF7-D87321C744CF}.Debug|ARM.Build.0 = Debug|ARM
		{190A1D76-4238-485A-ADF7-D87321C744CF}.Debug|ARM.Deploy.0 = Debug|ARM
		{190A1D76-4238-485A-ADF7-D87321C744CF}.Debug|iPhone.ActiveCfg = Debug|Any CPU
		{190A1D76-4238-485A-ADF7-D87321C744CF}.Debug|iPhoneSimulator.ActiveCfg = Debug|Any CPU
		{190A1D76-4238-485A-ADF7-D87321C744CF}.Debug|Mixed Platforms.ActiveCfg = Debug|x86
		{190A1D76-4238-485A-ADF7-D87321C744CF}.Debug|Mixed Platforms.Build.0 = Debug|x86
		{190A1D76-4238-485A-ADF7-D87321C744CF}.Debug|Mixed Platforms.Deploy.0 = Debug|x86
		{190A1D76-4238-485A-ADF7-D87321C744CF}.Debug|x86.ActiveCfg = Debug|x86
		{190A1D76-4238-485A-ADF7-D87321C744CF}.Debug|x86.Build.0 = Debug|x86
		{190A1D76-4238-485A-ADF7-D87321C744CF}.Debug|x86.Deploy.0 = Debug|x86
		{190A1D76-4238-485A-ADF7-D87321C744CF}.Release|Any CPU.ActiveCfg = Release|Any CPU
		{190A1D76-4238-485A-ADF7-D87321C744CF}.Release|Any CPU.Build.0 = Release|Any CPU
		{190A1D76-4238-485A-ADF7-D87321C744CF}.Release|Any CPU.Deploy.0 = Release|Any CPU
		{190A1D76-4238-485A-ADF7-D87321C744CF}.Release|ARM.ActiveCfg = Release|ARM
		{190A1D76-4238-485A-ADF7-D87321C744CF}.Release|ARM.Build.0 = Release|ARM
		{190A1D76-4238-485A-ADF7-D87321C744CF}.Release|ARM.Deploy.0 = Release|ARM
		{190A1D76-4238-485A-ADF7-D87321C744CF}.Release|iPhone.ActiveCfg = Release|Any CPU
		{190A1D76-4238-485A-ADF7-D87321C744CF}.Release|iPhoneSimulator.ActiveCfg = Release|Any CPU
		{190A1D76-4238-485A-ADF7-D87321C744CF}.Release|Mixed Platforms.ActiveCfg = Release|x86
		{190A1D76-4238-485A-ADF7-D87321C744CF}.Release|Mixed Platforms.Build.0 = Release|x86
		{190A1D76-4238-485A-ADF7-D87321C744CF}.Release|Mixed Platforms.Deploy.0 = Release|x86
		{190A1D76-4238-485A-ADF7-D87321C744CF}.Release|x86.ActiveCfg = Release|x86
		{190A1D76-4238-485A-ADF7-D87321C744CF}.Release|x86.Build.0 = Release|x86
		{190A1D76-4238-485A-ADF7-D87321C744CF}.Release|x86.Deploy.0 = Release|x86
	EndGlobalSection
	GlobalSection(SolutionProperties) = preSolution
		HideSolutionNode = FALSE
	EndGlobalSection
	GlobalSection(MonoDevelopProperties) = preSolution
		StartupItem = iOS\DeviceOrientationDemo.iOS.csproj
	EndGlobalSection
EndGlobal
